
Microsoft Visual Studio Solution File, Format Version 12.00
# Visual Studio Version 17
VisualStudioVersion = 17.5.33530.505
MinimumVisualStudioVersion = 10.0.40219.1
Project("{2150E333-8FDC-42A3-9474-1A3956D46DE8}") = "Microservices", "Microservices", "{4146D341-C184-4240-B41C-E3300F219203}"
EndProject
Project("{9A19103F-16F7-4668-BE54-9A1E7A4F7556}") = "mtit.lecturer", "sliit.mtit.student\mtit.lecturer.csproj", "{A9283CAF-1280-4B4A-B179-CFAEE79859D4}"
EndProject
Project("{9A19103F-16F7-4668-BE54-9A1E7A4F7556}") = "mtit.ocelote", "sliit.mtit.ocelote\mtit.ocelote.csproj", "{C4E9C2DF-56CE-48D0-999B-4376524622F5}"
EndProject
Project("{9A19103F-16F7-4668-BE54-9A1E7A4F7556}") = "mtit.Admin", "mtit.Admin\mtit.Admin.csproj", "{99633F81-C12A-4F1E-8CEE-C17C396B9A97}"
EndProject
Global
	GlobalSection(SolutionConfigurationPlatforms) = preSolution
		Debug|Any CPU = Debug|Any CPU
		Release|Any CPU = Release|Any CPU
	EndGlobalSection
	GlobalSection(ProjectConfigurationPlatforms) = postSolution
		{A9283CAF-1280-4B4A-B179-CFAEE79859D4}.Debug|Any CPU.ActiveCfg = Debug|Any CPU
		{A9283CAF-1280-4B4A-B179-CFAEE79859D4}.Debug|Any CPU.Build.0 = Debug|Any CPU
		{A9283CAF-1280-4B4A-B179-CFAEE79859D4}.Release|Any CPU.ActiveCfg = Release|Any CPU
		{A9283CAF-1280-4B4A-B179-CFAEE79859D4}.Release|Any CPU.Build.0 = Release|Any CPU
		{C4E9C2DF-56CE-48D0-999B-4376524622F5}.Debug|Any CPU.ActiveCfg = Debug|Any CPU
		{C4E9C2DF-56CE-48D0-999B-4376524622F5}.Debug|Any CPU.Build.0 = Debug|Any CPU
		{C4E9C2DF-56CE-48D0-999B-4376524622F5}.Release|Any CPU.ActiveCfg = Release|Any CPU
		{C4E9C2DF-56CE-48D0-999B-4376524622F5}.Release|Any CPU.Build.0 = Release|Any CPU
		{99633F81-C12A-4F1E-8CEE-C17C396B9A97}.Debug|Any CPU.ActiveCfg = Debug|Any CPU
		{99633F81-C12A-4F1E-8CEE-C17C396B9A97}.Debug|Any CPU.Build.0 = Debug|Any CPU
		{99633F81-C12A-4F1E-8CEE-C17C396B9A97}.Release|Any CPU.ActiveCfg = Release|Any CPU
		{99633F81-C12A-4F1E-8CEE-C17C396B9A97}.Release|Any CPU.Build.0 = Release|Any CPU
	EndGlobalSection
	GlobalSection(SolutionProperties) = preSolution
		HideSolutionNode = FALSE
	EndGlobalSection
	GlobalSection(NestedProjects) = preSolution
		{A9283CAF-1280-4B4A-B179-CFAEE79859D4} = {4146D341-C184-4240-B41C-E3300F219203}
		{C4E9C2DF-56CE-48D0-999B-4376524622F5} = {4146D341-C184-4240-B41C-E3300F219203}
		{99633F81-C12A-4F1E-8CEE-C17C396B9A97} = {4146D341-C184-4240-B41C-E3300F219203}
	EndGlobalSection
	GlobalSection(ExtensibilityGlobals) = postSolution
		SolutionGuid = {CCB848F8-9C51-431B-B63E-FBAD40B88C02}
	EndGlobalSection
EndGlobal
